{
  "pins" : [
    {
      "identity" : "alerttoast",
      "kind" : "remoteSourceControl",
      "location" : "https://github.com/elai950/AlertToast.git",
      "state" : {
        "branch" : "master",
        "revision" : "a437862bb6605080a5816e866cbd4ac8c8657b49"
      }
    }
  ],
  "version" : 2
}
