// !$*UTF8*$!
{
	archiveVersion = 1;
	classes = {
	};
	objectVersion = 56;
	objects = {

/* Begin PBXBuildFile section */
		0135C96E294A425E008C7589 /* GeekGarden_Attendace_iOSApp.swift in Sources */ = {isa = PBXBuildFile; fileRef = 0135C96D294A425E008C7589 /* GeekGarden_Attendace_iOSApp.swift */; };
		0135C970294A425E008C7589 /* ContentView.swift in Sources */ = {isa = PBXBuildFile; fileRef = 0135C96F294A425E008C7589 /* ContentView.swift */; };
		0135C972294A425F008C7589 /* Assets.xcassets in Resources */ = {isa = PBXBuildFile; fileRef = 0135C971294A425F008C7589 /* Assets.xcassets */; };
		0135C975294A425F008C7589 /* Preview Assets.xcassets in Resources */ = {isa = PBXBuildFile; fileRef = 0135C974294A425F008C7589 /* Preview Assets.xcassets */; };
		0135C97F294A43C9008C7589 /* LoginView.swift in Sources */ = {isa = PBXBuildFile; fileRef = 0135C97E294A43C8008C7589 /* LoginView.swift */; };
		0135C983294A48B9008C7589 /* TabBarView.swift in Sources */ = {isa = PBXBuildFile; fileRef = 0135C982294A48B9008C7589 /* TabBarView.swift */; };
		0135C989294A5CB1008C7589 /* NavigationViewModel.swift in Sources */ = {isa = PBXBuildFile; fileRef = 0135C988294A5CB1008C7589 /* NavigationViewModel.swift */; };
		0135C98B294A5EB1008C7589 /* LoginViewModel.swift in Sources */ = {isa = PBXBuildFile; fileRef = 0135C98A294A5EB1008C7589 /* LoginViewModel.swift */; };
		0135C990294A6466008C7589 /* HomeView.swift in Sources */ = {isa = PBXBuildFile; fileRef = 0135C98F294A6466008C7589 /* HomeView.swift */; };
/* End PBXBuildFile section */

/* Begin PBXFileReference section */
		0135C96A294A425E008C7589 /* GeekGarden-Attendace-iOS.app */ = {isa = PBXFileReference; explicitFileType = wrapper.application; includeInIndex = 0; path = "GeekGarden-Attendace-iOS.app"; sourceTree = BUILT_PRODUCTS_DIR; };
		0135C96D294A425E008C7589 /* GeekGarden_Attendace_iOSApp.swift */ = {isa = PBXFileReference; lastKnownFileType = sourcecode.swift; path = GeekGarden_Attendace_iOSApp.swift; sourceTree = "<group>"; };
		0135C96F294A425E008C7589 /* ContentView.swift */ = {isa = PBXFileReference; lastKnownFileType = sourcecode.swift; path = ContentView.swift; sourceTree = "<group>"; };
		0135C971294A425F008C7589 /* Assets.xcassets */ = {isa = PBXFileReference; lastKnownFileType = folder.assetcatalog; path = Assets.xcassets; sourceTree = "<group>"; };
		0135C974294A425F008C7589 /* Preview Assets.xcassets */ = {isa = PBXFileReference; lastKnownFileType = folder.assetcatalog; path = "Preview Assets.xcassets"; sourceTree = "<group>"; };
		0135C97E294A43C8008C7589 /* LoginView.swift */ = {isa = PBXFileReference; lastKnownFileType = sourcecode.swift; path = LoginView.swift; sourceTree = "<group>"; };
		0135C982294A48B9008C7589 /* TabBarView.swift */ = {isa = PBXFileReference; lastKnownFileType = sourcecode.swift; path = TabBarView.swift; sourceTree = "<group>"; };
		0135C988294A5CB1008C7589 /* NavigationViewModel.swift */ = {isa = PBXFileReference; lastKnownFileType = sourcecode.swift; path = NavigationViewModel.swift; sourceTree = "<group>"; };
		0135C98A294A5EB1008C7589 /* LoginViewModel.swift */ = {isa = PBXFileReference; lastKnownFileType = sourcecode.swift; path = LoginViewModel.swift; sourceTree = "<group>"; };
		0135C98F294A6466008C7589 /* HomeView.swift */ = {isa = PBXFileReference; lastKnownFileType = sourcecode.swift; path = HomeView.swift; sourceTree = "<group>"; };
/* End PBXFileReference section */

/* Begin PBXFrameworksBuildPhase section */
		0135C967294A425E008C7589 /* Frameworks */ = {
			isa = PBXFrameworksBuildPhase;
			buildActionMask = 2147483647;
			files = (
			);
			runOnlyForDeploymentPostprocessing = 0;
		};
/* End PBXFrameworksBuildPhase section */

/* Begin PBXGroup section */
		0135C961294A425E008C7589 = {
			isa = PBXGroup;
			children = (
				0135C96C294A425E008C7589 /* GeekGarden-Attendace-iOS */,
				0135C96B294A425E008C7589 /* Products */,
			);
			sourceTree = "<group>";
		};
		0135C96B294A425E008C7589 /* Products */ = {
			isa = PBXGroup;
			children = (
				0135C96A294A425E008C7589 /* GeekGarden-Attendace-iOS.app */,
			);
			name = Products;
			sourceTree = "<group>";
		};
		0135C96C294A425E008C7589 /* GeekGarden-Attendace-iOS */ = {
			isa = PBXGroup;
			children = (
				0135C97C294A42EA008C7589 /* InitializedApp */,
				0135C97B294A42CD008C7589 /* Presentation */,
				0135C971294A425F008C7589 /* Assets.xcassets */,
				0135C973294A425F008C7589 /* Preview Content */,
			);
			path = "GeekGarden-Attendace-iOS";
			sourceTree = "<group>";
		};
		0135C973294A425F008C7589 /* Preview Content */ = {
			isa = PBXGroup;
			children = (
				0135C974294A425F008C7589 /* Preview Assets.xcassets */,
			);
			path = "Preview Content";
			sourceTree = "<group>";
		};
		0135C97B294A42CD008C7589 /* Presentation */ = {
			isa = PBXGroup;
			children = (
				0135C98C294A6451008C7589 /* Home */,
				0135C987294A5C8D008C7589 /* Navigation */,
				0135C980294A4897008C7589 /* TabBar */,
				0135C97D294A4303008C7589 /* Login */,
			);
			path = Presentation;
			sourceTree = "<group>";
		};
		0135C97C294A42EA008C7589 /* InitializedApp */ = {
			isa = PBXGroup;
			children = (
				0135C96D294A425E008C7589 /* GeekGarden_Attendace_iOSApp.swift */,
				0135C96F294A425E008C7589 /* ContentView.swift */,
			);
			path = InitializedApp;
			sourceTree = "<group>";
		};
		0135C97D294A4303008C7589 /* Login */ = {
			isa = PBXGroup;
			children = (
				0135C97E294A43C8008C7589 /* LoginView.swift */,
				0135C98A294A5EB1008C7589 /* LoginViewModel.swift */,
			);
			path = Login;
			sourceTree = "<group>";
		};
		0135C980294A4897008C7589 /* TabBar */ = {
			isa = PBXGroup;
			children = (
				0135C982294A48B9008C7589 /* TabBarView.swift */,
			);
			path = TabBar;
			sourceTree = "<group>";
		};
		0135C987294A5C8D008C7589 /* Navigation */ = {
			isa = PBXGroup;
			children = (
				0135C988294A5CB1008C7589 /* NavigationViewModel.swift */,
			);
			path = Navigation;
			sourceTree = "<group>";
		};
		0135C98C294A6451008C7589 /* Home */ = {
			isa = PBXGroup;
			children = (
				0135C98F294A6466008C7589 /* HomeView.swift */,
			);
			path = Home;
			sourceTree = "<group>";
		};
/* End PBXGroup section */

/* Begin PBXNativeTarget section */
		0135C969294A425E008C7589 /* GeekGarden-Attendace-iOS */ = {
			isa = PBXNativeTarget;
			buildConfigurationList = 0135C978294A425F008C7589 /* Build configuration list for PBXNativeTarget "GeekGarden-Attendace-iOS" */;
			buildPhases = (
				0135C966294A425E008C7589 /* Sources */,
				0135C967294A425E008C7589 /* Frameworks */,
				0135C968294A425E008C7589 /* Resources */,
			);
			buildRules = (
			);
			dependencies = (
			);
			name = "GeekGarden-Attendace-iOS";
			productName = "GeekGarden-Attendace-iOS";
			productReference = 0135C96A294A425E008C7589 /* GeekGarden-Attendace-iOS.app */;
			productType = "com.apple.product-type.application";
		};
/* End PBXNativeTarget section */

/* Begin PBXProject section */
		0135C962294A425E008C7589 /* Project object */ = {
			isa = PBXProject;
			attributes = {
				BuildIndependentTargetsInParallel = 1;
				LastSwiftUpdateCheck = 1420;
				LastUpgradeCheck = 1420;
				TargetAttributes = {
					0135C969294A425E008C7589 = {
						CreatedOnToolsVersion = 14.2;
					};
				};
			};
			buildConfigurationList = 0135C965294A425E008C7589 /* Build configuration list for PBXProject "GeekGarden-Attendace-iOS" */;
			compatibilityVersion = "Xcode 14.0";
			developmentRegion = en;
			hasScannedForEncodings = 0;
			knownRegions = (
				en,
				Base,
			);
			mainGroup = 0135C961294A425E008C7589;
			productRefGroup = 0135C96B294A425E008C7589 /* Products */;
			projectDirPath = "";
			projectRoot = "";
			targets = (
				0135C969294A425E008C7589 /* GeekGarden-Attendace-iOS */,
			);
		};
/* End PBXProject section */

/* Begin PBXResourcesBuildPhase section */
		0135C968294A425E008C7589 /* Resources */ = {
			isa = PBXResourcesBuildPhase;
			buildActionMask = 2147483647;
			files = (
				0135C975294A425F008C7589 /* Preview Assets.xcassets in Resources */,
				0135C972294A425F008C7589 /* Assets.xcassets in Resources */,
			);
			runOnlyForDeploymentPostprocessing = 0;
		};
/* End PBXResourcesBuildPhase section */

/* Begin PBXSourcesBuildPhase section */
		0135C966294A425E008C7589 /* Sources */ = {
			isa = PBXSourcesBuildPhase;
			buildActionMask = 2147483647;
			files = (
				0135C97F294A43C9008C7589 /* LoginView.swift in Sources */,
				0135C990294A6466008C7589 /* HomeView.swift in Sources */,
				0135C989294A5CB1008C7589 /* NavigationViewModel.swift in Sources */,
				0135C98B294A5EB1008C7589 /* LoginViewModel.swift in Sources */,
				0135C970294A425E008C7589 /* ContentView.swift in Sources */,
				0135C983294A48B9008C7589 /* TabBarView.swift in Sources */,
				0135C96E294A425E008C7589 /* GeekGarden_Attendace_iOSApp.swift in Sources */,
			);
			runOnlyForDeploymentPostprocessing = 0;
		};
/* End PBXSourcesBuildPhase section */

/* Begin XCBuildConfiguration section */
		0135C976294A425F008C7589 /* Debug */ = {
			isa = XCBuildConfiguration;
			buildSettings = {
				ALWAYS_SEARCH_USER_PATHS = NO;
				CLANG_ANALYZER_NONNULL = YES;
				CLANG_ANALYZER_NUMBER_OBJECT_CONVERSION = YES_AGGRESSIVE;
				CLANG_CXX_LANGUAGE_STANDARD = "gnu++20";
				CLANG_ENABLE_MODULES = YES;
				CLANG_ENABLE_OBJC_ARC = YES;
				CLANG_ENABLE_OBJC_WEAK = YES;
				CLANG_WARN_BLOCK_CAPTURE_AUTORELEASING = YES;
				CLANG_WARN_BOOL_CONVERSION = YES;
				CLANG_WARN_COMMA = YES;
				CLANG_WARN_CONSTANT_CONVERSION = YES;
				CLANG_WARN_DEPRECATED_OBJC_IMPLEMENTATIONS = YES;
				CLANG_WARN_DIRECT_OBJC_ISA_USAGE = YES_ERROR;
				CLANG_WARN_DOCUMENTATION_COMMENTS = YES;
				CLANG_WARN_EMPTY_BODY = YES;
				CLANG_WARN_ENUM_CONVERSION = YES;
				CLANG_WARN_INFINITE_RECURSION = YES;
				CLANG_WARN_INT_CONVERSION = YES;
				CLANG_WARN_NON_LITERAL_NULL_CONVERSION = YES;
				CLANG_WARN_OBJC_IMPLICIT_RETAIN_SELF = YES;
				CLANG_WARN_OBJC_LITERAL_CONVERSION = YES;
				CLANG_WARN_OBJC_ROOT_CLASS = YES_ERROR;
				CLANG_WARN_QUOTED_INCLUDE_IN_FRAMEWORK_HEADER = YES;
				CLANG_WARN_RANGE_LOOP_ANALYSIS = YES;
				CLANG_WARN_STRICT_PROTOTYPES = YES;
				CLANG_WARN_SUSPICIOUS_MOVE = YES;
				CLANG_WARN_UNGUARDED_AVAILABILITY = YES_AGGRESSIVE;
				CLANG_WARN_UNREACHABLE_CODE = YES;
				CLANG_WARN__DUPLICATE_METHOD_MATCH = YES;
				COPY_PHASE_STRIP = NO;
				DEBUG_INFORMATION_FORMAT = dwarf;
				ENABLE_STRICT_OBJC_MSGSEND = YES;
				ENABLE_TESTABILITY = YES;
				GCC_C_LANGUAGE_STANDARD = gnu11;
				GCC_DYNAMIC_NO_PIC = NO;
				GCC_NO_COMMON_BLOCKS = YES;
				GCC_OPTIMIZATION_LEVEL = 0;
				GCC_PREPROCESSOR_DEFINITIONS = (
					"DEBUG=1",
					"$(inherited)",
				);
				GCC_WARN_64_TO_32_BIT_CONVERSION = YES;
				GCC_WARN_ABOUT_RETURN_TYPE = YES_ERROR;
				GCC_WARN_UNDECLARED_SELECTOR = YES;
				GCC_WARN_UNINITIALIZED_AUTOS = YES_AGGRESSIVE;
				GCC_WARN_UNUSED_FUNCTION = YES;
				GCC_WARN_UNUSED_VARIABLE = YES;
				IPHONEOS_DEPLOYMENT_TARGET = 16.2;
				MTL_ENABLE_DEBUG_INFO = INCLUDE_SOURCE;
				MTL_FAST_MATH = YES;
				ONLY_ACTIVE_ARCH = YES;
				SDKROOT = iphoneos;
				SWIFT_ACTIVE_COMPILATION_CONDITIONS = DEBUG;
				SWIFT_OPTIMIZATION_LEVEL = "-Onone";
			};
			name = Debug;
		};
		0135C977294A425F008C7589 /* Release */ = {
			isa = XCBuildConfiguration;
			buildSettings = {
				ALWAYS_SEARCH_USER_PATHS = NO;
				CLANG_ANALYZER_NONNULL = YES;
				CLANG_ANALYZER_NUMBER_OBJECT_CONVERSION = YES_AGGRESSIVE;
				CLANG_CXX_LANGUAGE_STANDARD = "gnu++20";
				CLANG_ENABLE_MODULES = YES;
				CLANG_ENABLE_OBJC_ARC = YES;
				CLANG_ENABLE_OBJC_WEAK = YES;
				CLANG_WARN_BLOCK_CAPTURE_AUTORELEASING = YES;
				CLANG_WARN_BOOL_CONVERSION = YES;
				CLANG_WARN_COMMA = YES;
				CLANG_WARN_CONSTANT_CONVERSION = YES;
				CLANG_WARN_DEPRECATED_OBJC_IMPLEMENTATIONS = YES;
				CLANG_WARN_DIRECT_OBJC_ISA_USAGE = YES_ERROR;
				CLANG_WARN_DOCUMENTATION_COMMENTS = YES;
				CLANG_WARN_EMPTY_BODY = YES;
				CLANG_WARN_ENUM_CONVERSION = YES;
				CLANG_WARN_INFINITE_RECURSION = YES;
				CLANG_WARN_INT_CONVERSION = YES;
				CLANG_WARN_NON_LITERAL_NULL_CONVERSION = YES;
				CLANG_WARN_OBJC_IMPLICIT_RETAIN_SELF = YES;
				CLANG_WARN_OBJC_LITERAL_CONVERSION = YES;
				CLANG_WARN_OBJC_ROOT_CLASS = YES_ERROR;
				CLANG_WARN_QUOTED_INCLUDE_IN_FRAMEWORK_HEADER = YES;
				CLANG_WARN_RANGE_LOOP_ANALYSIS = YES;
				CLANG_WARN_STRICT_PROTOTYPES = YES;
				CLANG_WARN_SUSPICIOUS_MOVE = YES;
				CLANG_WARN_UNGUARDED_AVAILABILITY = YES_AGGRESSIVE;
				CLANG_WARN_UNREACHABLE_CODE = YES;
				CLANG_WARN__DUPLICATE_METHOD_MATCH = YES;
				COPY_PHASE_STRIP = NO;
				DEBUG_INFORMATION_FORMAT = "dwarf-with-dsym";
				ENABLE_NS_ASSERTIONS = NO;
				ENABLE_STRICT_OBJC_MSGSEND = YES;
				GCC_C_LANGUAGE_STANDARD = gnu11;
				GCC_NO_COMMON_BLOCKS = YES;
				GCC_WARN_64_TO_32_BIT_CONVERSION = YES;
				GCC_WARN_ABOUT_RETURN_TYPE = YES_ERROR;
				GCC_WARN_UNDECLARED_SELECTOR = YES;
				GCC_WARN_UNINITIALIZED_AUTOS = YES_AGGRESSIVE;
				GCC_WARN_UNUSED_FUNCTION = YES;
				GCC_WARN_UNUSED_VARIABLE = YES;
				IPHONEOS_DEPLOYMENT_TARGET = 16.2;
				MTL_ENABLE_DEBUG_INFO = NO;
				MTL_FAST_MATH = YES;
				SDKROOT = iphoneos;
				SWIFT_COMPILATION_MODE = wholemodule;
				SWIFT_OPTIMIZATION_LEVEL = "-O";
				VALIDATE_PRODUCT = YES;
			};
			name = Release;
		};
		0135C979294A425F008C7589 /* Debug */ = {
			isa = XCBuildConfiguration;
			buildSettings = {
				ASSETCATALOG_COMPILER_APPICON_NAME = AppIcon;
				ASSETCATALOG_COMPILER_GLOBAL_ACCENT_COLOR_NAME = AccentColor;
				CODE_SIGN_STYLE = Automatic;
				CURRENT_PROJECT_VERSION = 1;
				DEVELOPMENT_ASSET_PATHS = "\"GeekGarden-Attendace-iOS/Preview Content\"";
				DEVELOPMENT_TEAM = XDB22KM8KS;
				ENABLE_PREVIEWS = YES;
				GENERATE_INFOPLIST_FILE = YES;
				INFOPLIST_KEY_UIApplicationSceneManifest_Generation = YES;
				INFOPLIST_KEY_UIApplicationSupportsIndirectInputEvents = YES;
				INFOPLIST_KEY_UILaunchScreen_Generation = YES;
				INFOPLIST_KEY_UISupportedInterfaceOrientations_iPad = "UIInterfaceOrientationPortrait UIInterfaceOrientationPortraitUpsideDown UIInterfaceOrientationLandscapeLeft UIInterfaceOrientationLandscapeRight";
				INFOPLIST_KEY_UISupportedInterfaceOrientations_iPhone = "UIInterfaceOrientationPortrait UIInterfaceOrientationLandscapeLeft UIInterfaceOrientationLandscapeRight";
				LD_RUNPATH_SEARCH_PATHS = (
					"$(inherited)",
					"@executable_path/Frameworks",
				);
				MARKETING_VERSION = 1.0;
				PRODUCT_BUNDLE_IDENTIFIER = "com.rraccoon.GeekGarden-Attendace-iOS";
				PRODUCT_NAME = "$(TARGET_NAME)";
				SWIFT_EMIT_LOC_STRINGS = YES;
				SWIFT_VERSION = 5.0;
				TARGETED_DEVICE_FAMILY = "1,2";
			};
			name = Debug;
		};
		0135C97A294A425F008C7589 /* Release */ = {
			isa = XCBuildConfiguration;
			buildSettings = {
				ASSETCATALOG_COMPILER_APPICON_NAME = AppIcon;
				ASSETCATALOG_COMPILER_GLOBAL_ACCENT_COLOR_NAME = AccentColor;
				CODE_SIGN_STYLE = Automatic;
				CURRENT_PROJECT_VERSION = 1;
				DEVELOPMENT_ASSET_PATHS = "\"GeekGarden-Attendace-iOS/Preview Content\"";
				DEVELOPMENT_TEAM = XDB22KM8KS;
				ENABLE_PREVIEWS = YES;
				GENERATE_INFOPLIST_FILE = YES;
				INFOPLIST_KEY_UIApplicationSceneManifest_Generation = YES;
				INFOPLIST_KEY_UIApplicationSupportsIndirectInputEvents = YES;
				INFOPLIST_KEY_UILaunchScreen_Generation = YES;
				INFOPLIST_KEY_UISupportedInterfaceOrientations_iPad = "UIInterfaceOrientationPortrait UIInterfaceOrientationPortraitUpsideDown UIInterfaceOrientationLandscapeLeft UIInterfaceOrientationLandscapeRight";
				INFOPLIST_KEY_UISupportedInterfaceOrientations_iPhone = "UIInterfaceOrientationPortrait UIInterfaceOrientationLandscapeLeft UIInterfaceOrientationLandscapeRight";
				LD_RUNPATH_SEARCH_PATHS = (
					"$(inherited)",
					"@executable_path/Frameworks",
				);
				MARKETING_VERSION = 1.0;
				PRODUCT_BUNDLE_IDENTIFIER = "com.rraccoon.GeekGarden-Attendace-iOS";
				PRODUCT_NAME = "$(TARGET_NAME)";
				SWIFT_EMIT_LOC_STRINGS = YES;
				SWIFT_VERSION = 5.0;
				TARGETED_DEVICE_FAMILY = "1,2";
			};
			name = Release;
		};
/* End XCBuildConfiguration section */

/* Begin XCConfigurationList section */
		0135C965294A425E008C7589 /* Build configuration list for PBXProject "GeekGarden-Attendace-iOS" */ = {
			isa = XCConfigurationList;
			buildConfigurations = (
				0135C976294A425F008C7589 /* Debug */,
				0135C977294A425F008C7589 /* Release */,
			);
			defaultConfigurationIsVisible = 0;
			defaultConfigurationName = Release;
		};
		0135C978294A425F008C7589 /* Build configuration list for PBXNativeTarget "GeekGarden-Attendace-iOS" */ = {
			isa = XCConfigurationList;
			buildConfigurations = (
				0135C979294A425F008C7589 /* Debug */,
				0135C97A294A425F008C7589 /* Release */,
			);
			defaultConfigurationIsVisible = 0;
			defaultConfigurationName = Release;
		};
/* End XCConfigurationList section */
	};
	rootObject = 0135C962294A425E008C7589 /* Project object */;
}
